
Microsoft Visual Studio Solution File, Format Version 12.00
# Visual Studio 15
VisualStudioVersion = 15.0.28307.539
MinimumVisualStudioVersion = 10.0.40219.1
Project("{FAE04EC0-301F-11D3-BF4B-00C04F79EFBC}") = "meumedico", "meumedico\meumedico.csproj", "{A09BA364-780A-4450-96E9-E38B43DF8135}"
EndProject
Global
	GlobalSection(SolutionConfigurationPlatforms) = preSolution
		Debug|Any CPU = Debug|Any CPU
		Release|Any CPU = Release|Any CPU
	EndGlobalSection
	GlobalSection(ProjectConfigurationPlatforms) = postSolution
		{A09BA364-780A-4450-96E9-E38B43DF8135}.Debug|Any CPU.ActiveCfg = Debug|Any CPU
		{A09BA364-780A-4450-96E9-E38B43DF8135}.Debug|Any CPU.Build.0 = Debug|Any CPU
		{A09BA364-780A-4450-96E9-E38B43DF8135}.Release|Any CPU.ActiveCfg = Release|Any CPU
		{A09BA364-780A-4450-96E9-E38B43DF8135}.Release|Any CPU.Build.0 = Release|Any CPU
	EndGlobalSection
	GlobalSection(SolutionProperties) = preSolution
		HideSolutionNode = FALSE
	EndGlobalSection
	GlobalSection(ExtensibilityGlobals) = postSolution
		SolutionGuid = {C15A4192-6A85-4164-8004-22C9DF213B7D}
	EndGlobalSection
EndGlobal
